{
    "_meta": {
        "hash": {
            "sha256": "ccc354bcba09770678ac95b0ed41d130b6c866c566debf37c503d51afa29ace3"
        },
        "pipfile-spec": 6,
        "requires": {
            "python_version": "3.9"
        },
        "sources": [
            {
                "name": "pypi",
                "url": "https://pypi.org/simple",
                "verify_ssl": true
            }
        ]
    },
    "default": {
        "asgiref": {
            "hashes": [
                "sha256:89b2ef2247e3b562a16eef663bc0e2e703ec6468e2fa8a5cd61cd449786d4f6e",
                "sha256:9e0ce3aa93a819ba5b45120216b23878cf6e8525eb3848653452b4192b92afed"
            ],
            "markers": "python_version >= '3.7'",
            "version": "==3.7.2"
        },
        "django": {
            "hashes": [
                "sha256:45a747e1c5b3d6df1b141b1481e193b033fd1fdbda3ff52677dc81afdaacbaed",
                "sha256:f7c7852a5ac5a3da5a8d5b35cc6168f31b605971441798dac845f17ca8028039"
            ],
            "markers": "python_version >= '3.8'",
            "version": "==4.2.3"
        },
        "django-cors-headers": {
            "hashes": [
                "sha256:5240062ef0b16668ce8a5f43324c388d65f5439e1a30e22c38684d5ddaff0d15",
                "sha256:f5218f2f0bb1210563ff87687afbf10786e080d8494a248e705507ebd92d7153"
            ],
            "index": "pypi",
            "markers": "python_version >= '3.5'",
            "version": "==3.4.0"
        },
        "django-filter": {
            "hashes": [
                "sha256:84e9d5bb93f237e451db814ed422a3a625751cbc9968b484ecc74964a8696b06",
                "sha256:e00d32cebdb3d54273c48f4f878f898dced8d5dfaad009438fe61ebdf535ace1"
            ],
            "index": "pypi",
            "markers": "python_version >= '3.5'",
            "version": "==2.4.0"
        },
        "djangorestframework": {
            "hashes": [
                "sha256:579a333e6256b09489cbe0a067e66abe55c6595d8926be6b99423786334350c8",
                "sha256:eb63f58c9f218e1a7d064d17a70751f528ed4e1d35547fdade9aaf4cd103fd08"
            ],
            "index": "pypi",
            "markers": "python_version >= '3.6'",
            "version": "==3.14.0"
        },
        "djangorestframework-simplejwt": {
            "hashes": [
                "sha256:91dc2f362457f74efd6880a0abeb8d8bc07c3de46deb2c2c38633157ae4a9340",
                "sha256:926a4c313ef2ec82d7ab808ae2959debeaf9c7de61490fccf2ebe28e4adacfee"
            ],
            "index": "pypi",
            "markers": "python_version >= '3.7'",
            "version": "==4.5.0"
        },
        "faker": {
            "hashes": [
                "sha256:8fba91068dc26e3159c1ac9f22444a2338704b0991d86605322e454bda420092",
                "sha256:d5d5953556b0fb428a46019e03fc2d40eab2980135ddef5a9eb3d054947fdf83"
            ],
            "markers": "python_version >= '3.8'",
            "version": "==19.6.2"
        },
        "gunicorn": {
            "hashes": [
                "sha256:9dcc4547dbb1cb284accfb15ab5667a0e5d1881cc443e0677b4882a4067a807e",
                "sha256:e0a968b5ba15f8a328fdfd7ab1fcb5af4470c28aaf7e55df02a99bc13138e6e8"
            ],
            "index": "pypi",
            "markers": "python_version >= '3.5'",
            "version": "==20.1.0"
        },
        "markdown": {
            "hashes": [
                "sha256:fc4a6f69a656b8d858d7503bda633f4dd63c2d70cf80abdc6eafa64c4ae8c250",
                "sha256:fe463ff51e679377e3624984c829022e2cfb3be5518726b06f608a07a3aad680"
            ],
            "markers": "python_version >= '2.7' and python_version not in '3.0, 3.1, 3.2, 3.3, 3.4'",
            "version": "==3.1"
        },
        "pillow": {
            "hashes": [
                "sha256:01ce45deec9df310cbbee11104bae1a2a43308dd9c317f99235b6d3080ddd66e",
                "sha256:0c51cb9edac8a5abd069fd0758ac0a8bfe52c261ee0e330f363548aca6893595",
                "sha256:17869489de2fce6c36690a0c721bd3db176194af5f39249c1ac56d0bb0fcc512",
                "sha256:21dee8466b42912335151d24c1665fcf44dc2ee47e021d233a40c3ca5adae59c",
                "sha256:25023a6209a4d7c42154073144608c9a71d3512b648a2f5d4465182cb93d3477",
                "sha256:255c9d69754a4c90b0ee484967fc8818c7ff8311c6dddcc43a4340e10cd1636a",
                "sha256:35be4a9f65441d9982240e6966c1eaa1c654c4e5e931eaf580130409e31804d4",
                "sha256:3f42364485bfdab19c1373b5cd62f7c5ab7cc052e19644862ec8f15bb8af289e",
                "sha256:3fddcdb619ba04491e8f771636583a7cc5a5051cd193ff1aa1ee8616d2a692c5",
                "sha256:463acf531f5d0925ca55904fa668bb3461c3ef6bc779e1d6d8a488092bdee378",
                "sha256:4fe29a070de394e449fd88ebe1624d1e2d7ddeed4c12e0b31624561b58948d9a",
                "sha256:55dd1cf09a1fd7c7b78425967aacae9b0d70125f7d3ab973fadc7b5abc3de652",
                "sha256:5a3ecc026ea0e14d0ad7cd990ea7f48bfcb3eb4271034657dc9d06933c6629a7",
                "sha256:5cfca31ab4c13552a0f354c87fbd7f162a4fafd25e6b521bba93a57fe6a3700a",
                "sha256:66822d01e82506a19407d1afc104c3fcea3b81d5eb11485e593ad6b8492f995a",
                "sha256:69e5ddc609230d4408277af135c5b5c8fe7a54b2bdb8ad7c5100b86b3aab04c6",
                "sha256:6b6d4050b208c8ff886fd3db6690bf04f9a48749d78b41b7a5bf24c236ab0165",
                "sha256:7a053bd4d65a3294b153bdd7724dce864a1d548416a5ef61f6d03bf149205160",
                "sha256:82283af99c1c3a5ba1da44c67296d5aad19f11c535b551a5ae55328a317ce331",
                "sha256:8782189c796eff29dbb37dd87afa4ad4d40fc90b2742704f94812851b725964b",
                "sha256:8d79c6f468215d1a8415aa53d9868a6b40c4682165b8cb62a221b1baa47db458",
                "sha256:97bda660702a856c2c9e12ec26fc6d187631ddfd896ff685814ab21ef0597033",
                "sha256:a325ac71914c5c043fa50441b36606e64a10cd262de12f7a179620f579752ff8",
                "sha256:a336a4f74baf67e26f3acc4d61c913e378e931817cd1e2ef4dfb79d3e051b481",
                "sha256:a598d8830f6ef5501002ae85c7dbfcd9c27cc4efc02a1989369303ba85573e58",
                "sha256:a5eaf3b42df2bcda61c53a742ee2c6e63f777d0e085bbc6b2ab7ed57deb13db7",
                "sha256:aea7ce61328e15943d7b9eaca87e81f7c62ff90f669116f857262e9da4057ba3",
                "sha256:af79d3fde1fc2e33561166d62e3b63f0cc3e47b5a3a2e5fea40d4917754734ea",
                "sha256:c24f718f9dd73bb2b31a6201e6db5ea4a61fdd1d1c200f43ee585fc6dcd21b34",
                "sha256:c5b0ff59785d93b3437c3703e3c64c178aabada51dea2a7f2c5eccf1bcf565a3",
                "sha256:c7110ec1701b0bf8df569a7592a196c9d07c764a0a74f65471ea56816f10e2c8",
                "sha256:c870193cce4b76713a2b29be5d8327c8ccbe0d4a49bc22968aa1e680930f5581",
                "sha256:c9efef876c21788366ea1f50ecb39d5d6f65febe25ad1d4c0b8dff98843ac244",
                "sha256:de344bcf6e2463bb25179d74d6e7989e375f906bcec8cb86edb8b12acbc7dfef",
                "sha256:eb1b89b11256b5b6cad5e7593f9061ac4624f7651f7a8eb4dfa37caa1dfaa4d0",
                "sha256:ed742214068efa95e9844c2d9129e209ed63f61baa4d54dbf4cf8b5e2d30ccf2",
                "sha256:f401ed2bbb155e1ade150ccc63db1a4f6c1909d3d378f7d1235a44e90d75fb97",
                "sha256:fb89397013cf302f282f0fc998bb7abf11d49dcff72c8ecb320f76ea6e2c5717"
            ],
            "markers": "python_version >= '3.7'",
            "version": "==9.1.0"
        },
        "psycopg2-binary": {
            "hashes": [
                "sha256:008da3ab51adc70a5f1cfbbe5db3a22607ab030eb44bcecf517ad11a0c2b3cac",
                "sha256:07cf82c870ec2d2ce94d18e70c13323c89f2f2a2628cbf1feee700630be2519a",
                "sha256:08507efbe532029adee21b8d4c999170a83760d38249936038bd0602327029b5",
                "sha256:107d9be3b614e52a192719c6bf32e8813030020ea1d1215daa86ded9a24d8b04",
                "sha256:17a0ea0b0eabf07035e5e0d520dabc7950aeb15a17c6d36128ba99b2721b25b1",
                "sha256:3286541b9d85a340ee4ed42732d15fc1bb441dc500c97243a768154ab8505bb5",
                "sha256:3939cf75fc89c5e9ed836e228c4a63604dff95ad19aed2bbf71d5d04c15ed5ce",
                "sha256:40abc319f7f26c042a11658bf3dd3b0b3bceccf883ec1c565d5c909a90204434",
                "sha256:51f7823f1b087d2020d8e8c9e6687473d3d239ba9afc162d9b2ab6e80b53f9f9",
                "sha256:6bb2dd006a46a4a4ce95201f836194eb6a1e863f69ee5bab506673e0ca767057",
                "sha256:702f09d8f77dc4794651f650828791af82f7c2efd8c91ae79e3d9fe4bb7d4c98",
                "sha256:7036ccf715925251fac969f4da9ad37e4b7e211b1e920860148a10c0de963522",
                "sha256:7b832d76cc65c092abd9505cc670c4e3421fd136fb6ea5b94efbe4c146572505",
                "sha256:8f74e631b67482d504d7e9cf364071fc5d54c28e79a093ff402d5f8f81e23bfa",
                "sha256:930315ac53dc65cbf52ab6b6d27422611f5fb461d763c531db229c7e1af6c0b3",
                "sha256:96d3038f5bd061401996614f65d27a4ecb62d843eb4f48e212e6d129171a721f",
                "sha256:a20299ee0ea2f9cca494396ac472d6e636745652a64a418b39522c120fd0a0a4",
                "sha256:a34826d6465c2e2bbe9d0605f944f19d2480589f89863ed5f091943be27c9de4",
                "sha256:a69970ee896e21db4c57e398646af9edc71c003bc52a3cc77fb150240fefd266",
                "sha256:b9a8b391c2b0321e0cd7ec6b4cfcc3dd6349347bd1207d48bcb752aa6c553a66",
                "sha256:ba13346ff6d3eb2dca0b6fa0d8a9d999eff3dcd9b55f3a890f12b0b6362b2b38",
                "sha256:bb0608694a91db1e230b4a314e8ed00ad07ed0c518f9a69b83af2717e31291a3",
                "sha256:c8830b7d5f16fd79d39b21e3d94f247219036b29b30c8270314c46bf8b732389",
                "sha256:cac918cd7c4c498a60f5d2a61d4f0a6091c2c9490d81bc805c963444032d0dab",
                "sha256:cc30cb900f42c8a246e2cb76539d9726f407330bc244ca7729c41a44e8d807fb",
                "sha256:ccdc6a87f32b491129ada4b87a43b1895cf2c20fdb7f98ad979647506ffc41b6",
                "sha256:d1a8b01f6a964fec702d6b6dac1f91f2b9f9fe41b310cbb16c7ef1fac82df06d",
                "sha256:e004db88e5a75e5fdab1620fb9f90c9598c2a195a594225ac4ed2a6f1c23e162",
                "sha256:eb2f43ae3037f1ef5e19339c41cf56947021ac892f668765cd65f8ab9814192e",
                "sha256:fa466306fcf6b39b8a61d003123d442b23707d635a5cb05ac4e1b62cc79105cd"
            ],
            "index": "pypi",
            "markers": "python_version >= '2.7' and python_version not in '3.0, 3.1, 3.2, 3.3'",
            "version": "==2.8.5"
        },
        "pyjwt": {
            "hashes": [
                "sha256:5c6eca3c2940464d106b99ba83b00c6add741c9becaec087fb7ccdefea71350e",
                "sha256:8d59a976fb773f3e6a39c85636357c4f0e242707394cadadd9814f5cbaa20e96"
            ],
            "version": "==1.7.1"
        },
        "python-dateutil": {
            "hashes": [
                "sha256:0123cacc1627ae19ddf3c27a5de5bd67ee4586fbdd6440d9748f8abb483d3e86",
                "sha256:961d03dc3453ebbc59dbdea9e4e11c5651520a876d0f4db161e8674aae935da9"
            ],
            "markers": "python_version >= '2.7' and python_version not in '3.0, 3.1, 3.2, 3.3'",
            "version": "==2.8.2"
        },
        "pytz": {
            "hashes": [
                "sha256:303879e36b721603cc54604edcac9d20401bdbe31e1e4fdee5b9f98d5d31dfda",
                "sha256:d747dd3d23d77ef44c6a3526e274af6efeb0a6f1afd5a69ba4d5be4098c8e141"
            ],
            "index": "pypi",
            "version": "==2019.1"
        },
        "setuptools": {
            "hashes": [
                "sha256:4ac1475276d2f1c48684874089fefcd83bd7162ddaafb81fac866ba0db282a87",
                "sha256:b454a35605876da60632df1a60f736524eb73cc47bbc9f3f1ef1b644de74fd2a"
            ],
            "markers": "python_version >= '3.8'",
            "version": "==68.2.2"
        },
        "six": {
            "hashes": [
                "sha256:1e61c37477a1626458e36f7b1d82aa5c9b094fa4802892072e49de9c60c4c926",
                "sha256:8abb2f1d86890a2dfb989f9a77cfcfd3e47c2a354b01111771326f8aa26e0254"
            ],
            "markers": "python_version >= '2.7' and python_version not in '3.0, 3.1, 3.2, 3.3'",
            "version": "==1.16.0"
        },
        "sqlparse": {
            "hashes": [
                "sha256:5430a4fe2ac7d0f93e66f1efc6e1338a41884b7ddf2a350cedd20ccc4d9d28f3",
                "sha256:d446183e84b8349fa3061f0fe7f06ca94ba65b426946ffebe6e3e8295332420c"
            ],
            "markers": "python_version >= '3.5'",
            "version": "==0.4.4"
        },
        "typing-extensions": {
            "hashes": [
                "sha256:8f92fc8806f9a6b641eaa5318da32b44d401efaac0f6678c9bc448ba3605faa0",
                "sha256:df8e4339e9cb77357558cbdbceca33c303714cf861d1eef15e1070055ae8b7ef"
            ],
            "markers": "python_version < '3.11'",
            "version": "==4.8.0"
        }
    },
    "develop": {
        "astroid": {
            "hashes": [
                "sha256:1defdbca052635dd29657ea674edfc45e4b5be9cd53630c5b084fcfed94344a8",
                "sha256:f2510e7fdcd6cfda4ec50014726d4857abf79acfc010084ce8c26091913f1b25"
            ],
            "markers": "python_full_version >= '3.8.0'",
            "version": "==3.0.0"
        },
        "attrs": {
            "hashes": [
                "sha256:1f28b4522cdc2fb4256ac1a020c78acf9cba2c6b461ccd2c126f3aa8e8335d04",
                "sha256:6279836d581513a26f1bf235f9acd333bc9115683f14f7e8fae46c98fc50e015"
            ],
            "markers": "python_version >= '3.7'",
            "version": "==23.1.0"
        },
        "black": {
            "hashes": [
                "sha256:06f9d8846f2340dfac80ceb20200ea5d1b3f181dd0556b47af4e8e0b24fa0a6b",
                "sha256:10dbe6e6d2988049b4655b2b739f98785a884d4d6b85bc35133a8fb9a2233176",
                "sha256:2497f9c2386572e28921fa8bec7be3e51de6801f7459dffd6e62492531c47e09",
                "sha256:30d78ba6bf080eeaf0b7b875d924b15cd46fec5fd044ddfbad38c8ea9171043a",
                "sha256:328efc0cc70ccb23429d6be184a15ce613f676bdfc85e5fe8ea2a9354b4e9015",
                "sha256:35020b8886c022ced9282b51b5a875b6d1ab0c387b31a065b84db7c33085ca79",
                "sha256:5795a0375eb87bfe902e80e0c8cfaedf8af4d49694d69161e5bd3206c18618bb",
                "sha256:5891ef8abc06576985de8fa88e95ab70641de6c1fca97e2a15820a9b69e51b20",
                "sha256:637a4014c63fbf42a692d22b55d8ad6968a946b4a6ebc385c5505d9625b6a464",
                "sha256:67c8301ec94e3bcc8906740fe071391bce40a862b7be0b86fb5382beefecd968",
                "sha256:6d2fc92002d44746d3e7db7cf9313cf4452f43e9ea77a2c939defce3b10b5c82",
                "sha256:6ee227b696ca60dd1c507be80a6bc849a5a6ab57ac7352aad1ffec9e8b805f21",
                "sha256:863714200ada56cbc366dc9ae5291ceb936573155f8bf8e9de92aef51f3ad0f0",
                "sha256:9b542ced1ec0ceeff5b37d69838106a6348e60db7b8fdd245294dc1d26136265",
                "sha256:a6342964b43a99dbc72f72812bf88cad8f0217ae9acb47c0d4f141a6416d2d7b",
                "sha256:ad4efa5fad66b903b4a5f96d91461d90b9507a812b3c5de657d544215bb7877a",
                "sha256:bc58025940a896d7e5356952228b68f793cf5fcb342be703c3a2669a1488cb72",
                "sha256:cc1e1de68c8e5444e8f94c3670bb48a2beef0e91dddfd4fcc29595ebd90bb9ce",
                "sha256:cee3e11161dde1b2a33a904b850b0899e0424cc331b7295f2a9698e79f9a69a0",
                "sha256:e3556168e2e5c49629f7b0f377070240bd5511e45e25a4497bb0073d9dda776a",
                "sha256:e8477ec6bbfe0312c128e74644ac8a02ca06bcdb8982d4ee06f209be28cdf163",
                "sha256:ee8f1f7228cce7dffc2b464f07ce769f478968bfb3dd1254a4c2eeed84928aad",
                "sha256:fd57160949179ec517d32ac2ac898b5f20d68ed1a9c977346efbac9c2f1e779d"
            ],
            "index": "pypi",
            "markers": "python_full_version >= '3.6.2'",
            "version": "==22.3.0"
        },
        "click": {
            "hashes": [
                "sha256:ae74fb96c20a0277a1d615f1e4d73c8414f5a98db8b799a7931d1582f3390c28",
                "sha256:ca9853ad459e787e2192211578cc907e7594e294c7ccc834310722b41b9ca6de"
            ],
            "markers": "python_version >= '3.7'",
            "version": "==8.1.7"
        },
        "dill": {
            "hashes": [
                "sha256:76b122c08ef4ce2eedcd4d1abd8e641114bfc6c2867f49f3c41facf65bf19f5e",
                "sha256:cc1c8b182eb3013e24bd475ff2e9295af86c1a38eb1aff128dac8962a9ce3c03"
            ],
            "markers": "python_version < '3.11'",
            "version": "==0.3.7"
        },
        "iniconfig": {
            "hashes": [
                "sha256:2d91e135bf72d31a410b17c16da610a82cb55f6b0477d1a902134b24a455b8b3",
                "sha256:b6a85871a79d2e3b22d2d1b94ac2824226a63c6b741c88f7ae975f18b6778374"
            ],
            "markers": "python_version >= '3.7'",
            "version": "==2.0.0"
        },
        "isort": {
            "hashes": [
                "sha256:8bef7dde241278824a6d83f44a544709b065191b95b6e50894bdc722fcba0504",
                "sha256:f84c2818376e66cf843d497486ea8fed8700b340f308f076c6fb1229dff318b6"
            ],
            "markers": "python_full_version >= '3.8.0'",
            "version": "==5.12.0"
        },
        "mccabe": {
            "hashes": [
                "sha256:348e0240c33b60bbdf4e523192ef919f28cb2c3d7d5c7794f74009290f236325",
                "sha256:6c2d30ab6be0e4a46919781807b4f0d834ebdd6c6e3dca0bda5a15f863427b6e"
            ],
            "markers": "python_version >= '3.6'",
            "version": "==0.7.0"
        },
        "mypy-extensions": {
            "hashes": [
                "sha256:4392f6c0eb8a5668a69e23d168ffa70f0be9ccfd32b5cc2d26a34ae5b844552d",
                "sha256:75dbf8955dc00442a438fc4d0666508a9a97b6bd41aa2f0ffe9d2f2725af0782"
            ],
            "markers": "python_version >= '3.5'",
            "version": "==1.0.0"
        },
        "packaging": {
            "hashes": [
                "sha256:048fb0e9405036518eaaf48a55953c750c11e1a1b68e0dd1a9d62ed0c092cfc5",
                "sha256:8c491190033a9af7e1d931d0b5dacc2ef47509b34dd0de67ed209b5203fc88c7"
            ],
            "markers": "python_version >= '3.7'",
            "version": "==23.2"
        },
        "pathspec": {
            "hashes": [
                "sha256:1d6ed233af05e679efb96b1851550ea95bbb64b7c490b0f5aa52996c11e92a20",
                "sha256:e0d8d0ac2f12da61956eb2306b69f9469b42f4deb0f3cb6ed47b9cce9996ced3"
            ],
            "markers": "python_version >= '3.7'",
            "version": "==0.11.2"
        },
        "platformdirs": {
            "hashes": [
                "sha256:cf8ee52a3afdb965072dcc652433e0c7e3e40cf5ea1477cd4b3b1d2eb75495b3",
                "sha256:e9d171d00af68be50e9202731309c4e658fd8bc76f55c11c7dd760d023bda68e"
            ],
            "markers": "python_version >= '3.7'",
            "version": "==3.11.0"
        },
        "pluggy": {
            "hashes": [
                "sha256:cf61ae8f126ac6f7c451172cf30e3e43d3ca77615509771b3a984a0730651e12",
                "sha256:d89c696a773f8bd377d18e5ecda92b7a3793cbe66c87060a6fb58c7b6e1061f7"
            ],
            "markers": "python_version >= '3.8'",
            "version": "==1.3.0"
        },
        "py": {
            "hashes": [
                "sha256:51c75c4126074b472f746a24399ad32f6053d1b34b68d2fa41e558e6f4a98719",
                "sha256:607c53218732647dff4acdfcd50cb62615cedf612e72d1724fb1a0cc6405b378"
            ],
            "markers": "python_version >= '2.7' and python_version not in '3.0, 3.1, 3.2, 3.3, 3.4'",
            "version": "==1.11.0"
        },
        "pylint": {
            "hashes": [
                "sha256:81c6125637be216b4652ae50cc42b9f8208dfb725cdc7e04c48f6902f4dbdf40",
                "sha256:9c90b89e2af7809a1697f6f5f93f1d0e518ac566e2ac4d2af881a69c13ad01ea"
            ],
            "index": "pypi",
            "markers": "python_full_version >= '3.8.0'",
            "version": "==3.0.1"
        },
        "pytest": {
            "hashes": [
                "sha256:9ce3ff477af913ecf6321fe337b93a2c0dcf2a0a1439c43f5452112c1e4280db",
                "sha256:e30905a0c131d3d94b89624a1cc5afec3e0ba2fbdb151867d8e0ebd49850f171"
            ],
            "index": "pypi",
            "markers": "python_version >= '3.6'",
            "version": "==7.0.1"
        },
        "pytest-django": {
            "hashes": [
                "sha256:c60834861933773109334fe5a53e83d1ef4828f2203a1d6a0fa9972f4f75ab3e",
                "sha256:d9076f759bb7c36939dbdd5ae6633c18edfc2902d1a69fdbefd2426b970ce6c2"
            ],
            "index": "pypi",
            "markers": "python_version >= '3.5'",
            "version": "==4.5.2"
        },
        "pytest-mock": {
            "hashes": [
                "sha256:30c2f2cc9759e76eee674b81ea28c9f0b94f8f0445a1b87762cadf774f0df7e3",
                "sha256:40217a058c52a63f1042f0784f62009e976ba824c418cced42e88d5f40ab0e62"
            ],
            "index": "pypi",
            "markers": "python_version >= '3.6'",
            "version": "==3.6.1"
        },
        "tomli": {
            "hashes": [
                "sha256:939de3e7a6161af0c887ef91b7d41a53e7c5a1ca976325f429cb46ea9bc30ecc",
                "sha256:de526c12914f0c550d15924c62d72abc48d6fe7364aa87328337a31007fe8a4f"
            ],
            "markers": "python_version < '3.11'",
            "version": "==2.0.1"
        },
        "tomlkit": {
            "hashes": [
                "sha256:38e1ff8edb991273ec9f6181244a6a391ac30e9f5098e7535640ea6be97a7c86",
                "sha256:712cbd236609acc6a3e2e97253dfc52d4c2082982a88f61b640ecf0817eab899"
            ],
            "markers": "python_version >= '3.7'",
            "version": "==0.12.1"
        },
        "typing-extensions": {
            "hashes": [
                "sha256:8f92fc8806f9a6b641eaa5318da32b44d401efaac0f6678c9bc448ba3605faa0",
                "sha256:df8e4339e9cb77357558cbdbceca33c303714cf861d1eef15e1070055ae8b7ef"
            ],
            "markers": "python_version < '3.11'",
            "version": "==4.8.0"
        }
    }
}
